
Microsoft Visual Studio Solution File, Format Version 12.00
# Visual Studio Version 17
VisualStudioVersion = 17.13.35825.156 d17.13
MinimumVisualStudioVersion = 10.0.40219.1
Project("{FAE04EC0-301F-11D3-BF4B-00C04F79EFBC}") = "ProjetoIntegradorAPI", "ProjetoIntegradorAPI\ProjetoIntegradorAPI.csproj", "{C953BD21-6A4B-40CE-861E-77E8A525007A}"
EndProject
Global
	GlobalSection(SolutionConfigurationPlatforms) = preSolution
		Debug|Any CPU = Debug|Any CPU
		Release|Any CPU = Release|Any CPU
	EndGlobalSection
	GlobalSection(ProjectConfigurationPlatforms) = postSolution
		{C953BD21-6A4B-40CE-861E-77E8A525007A}.Debug|Any CPU.ActiveCfg = Debug|Any CPU
		{C953BD21-6A4B-40CE-861E-77E8A525007A}.Debug|Any CPU.Build.0 = Debug|Any CPU
		{C953BD21-6A4B-40CE-861E-77E8A525007A}.Release|Any CPU.ActiveCfg = Release|Any CPU
		{C953BD21-6A4B-40CE-861E-77E8A525007A}.Release|Any CPU.Build.0 = Release|Any CPU
	EndGlobalSection
	GlobalSection(SolutionProperties) = preSolution
		HideSolutionNode = FALSE
	EndGlobalSection
	GlobalSection(ExtensibilityGlobals) = postSolution
		SolutionGuid = {780557F8-206A-4BCE-8114-37077D579440}
	EndGlobalSection
EndGlobal
